
Microsoft Visual Studio Solution File, Format Version 12.00
# Visual Studio Version 16
VisualStudioVersion = 16.0.28729.10
MinimumVisualStudioVersion = 10.0.40219.1
Project("{FAE04EC0-301F-11D3-BF4B-00C04F79EFBC}") = "EJERCICIO_VARIABLES", "EJERCICIO_VARIABLES\EJERCICIO_VARIABLES.csproj", "{05C55E98-DF3B-48B6-967A-62C2B57B505A}"
EndProject
Global
	GlobalSection(SolutionConfigurationPlatforms) = preSolution
		Debug|Any CPU = Debug|Any CPU
		Release|Any CPU = Release|Any CPU
	EndGlobalSection
	GlobalSection(ProjectConfigurationPlatforms) = postSolution
		{05C55E98-DF3B-48B6-967A-62C2B57B505A}.Debug|Any CPU.ActiveCfg = Debug|Any CPU
		{05C55E98-DF3B-48B6-967A-62C2B57B505A}.Debug|Any CPU.Build.0 = Debug|Any CPU
		{05C55E98-DF3B-48B6-967A-62C2B57B505A}.Release|Any CPU.ActiveCfg = Release|Any CPU
		{05C55E98-DF3B-48B6-967A-62C2B57B505A}.Release|Any CPU.Build.0 = Release|Any CPU
	EndGlobalSection
	GlobalSection(SolutionProperties) = preSolution
		HideSolutionNode = FALSE
	EndGlobalSection
	GlobalSection(ExtensibilityGlobals) = postSolution
		SolutionGuid = {A0C2E7B2-1AA1-4B7C-B895-E1B7ADCD5EFD}
	EndGlobalSection
EndGlobal
