
Microsoft Visual Studio Solution File, Format Version 12.00
# Visual Studio Version 17
VisualStudioVersion = 17.0.32002.185
MinimumVisualStudioVersion = 10.0.40219.1
Project("{9A19103F-16F7-4668-BE54-9A1E7A4F7556}") = "WebApiVentas", "WebApiVentas\WebApiVentas.csproj", "{841E2150-7F65-4845-8726-7AF4E57680EE}"
EndProject
Project("{2150E333-8FDC-42A3-9474-1A3956D46DE8}") = "Solution Items", "Solution Items", "{A6C1DD83-4BC9-4F6E-B394-8A1E0FED3A7F}"
	ProjectSection(SolutionItems) = preProject
		.editorconfig = .editorconfig
	EndProjectSection
EndProject
Project("{9A19103F-16F7-4668-BE54-9A1E7A4F7556}") = "WebApiVentas.Test", "WebApiVentas.Test\WebApiVentas.Test.csproj", "{87A75586-79C7-4AA4-903A-BCAB2194BF2E}"
EndProject
Global
	GlobalSection(SolutionConfigurationPlatforms) = preSolution
		Debug|Any CPU = Debug|Any CPU
		Release|Any CPU = Release|Any CPU
	EndGlobalSection
	GlobalSection(ProjectConfigurationPlatforms) = postSolution
		{841E2150-7F65-4845-8726-7AF4E57680EE}.Debug|Any CPU.ActiveCfg = Debug|Any CPU
		{841E2150-7F65-4845-8726-7AF4E57680EE}.Debug|Any CPU.Build.0 = Debug|Any CPU
		{841E2150-7F65-4845-8726-7AF4E57680EE}.Release|Any CPU.ActiveCfg = Release|Any CPU
		{841E2150-7F65-4845-8726-7AF4E57680EE}.Release|Any CPU.Build.0 = Release|Any CPU
		{87A75586-79C7-4AA4-903A-BCAB2194BF2E}.Debug|Any CPU.ActiveCfg = Debug|Any CPU
		{87A75586-79C7-4AA4-903A-BCAB2194BF2E}.Debug|Any CPU.Build.0 = Debug|Any CPU
		{87A75586-79C7-4AA4-903A-BCAB2194BF2E}.Release|Any CPU.ActiveCfg = Release|Any CPU
		{87A75586-79C7-4AA4-903A-BCAB2194BF2E}.Release|Any CPU.Build.0 = Release|Any CPU
	EndGlobalSection
	GlobalSection(SolutionProperties) = preSolution
		HideSolutionNode = FALSE
	EndGlobalSection
	GlobalSection(ExtensibilityGlobals) = postSolution
		SolutionGuid = {E17128D0-13DE-499B-A660-42302ED4B498}
	EndGlobalSection
EndGlobal
